
Microsoft Visual Studio Solution File, Format Version 12.00
# Visual Studio 14
VisualStudioVersion = 14.0.23107.0
MinimumVisualStudioVersion = 10.0.40219.1
Project("{F2A71F9B-5D33-465A-A702-920D77279786}") = "AStar", "AStar\AStar.fsproj", "{8C685FF5-3466-4E20-8142-E5EDC0C0D421}"
EndProject
Project("{F2A71F9B-5D33-465A-A702-920D77279786}") = "MazeServer", "MazeServer\MazeServer.fsproj", "{D9697154-D720-43D4-B686-BA5EFE6624A9}"
EndProject
Project("{F2A71F9B-5D33-465A-A702-920D77279786}") = "MazePlayer", "MazePlayer\MazePlayer.fsproj", "{014990EE-DC12-44F3-ACA8-997E81ABEFBB}"
EndProject
Global
	GlobalSection(SolutionConfigurationPlatforms) = preSolution
		Debug|Any CPU = Debug|Any CPU
		Release|Any CPU = Release|Any CPU
	EndGlobalSection
	GlobalSection(ProjectConfigurationPlatforms) = postSolution
		{8C685FF5-3466-4E20-8142-E5EDC0C0D421}.Debug|Any CPU.ActiveCfg = Debug|Any CPU
		{8C685FF5-3466-4E20-8142-E5EDC0C0D421}.Debug|Any CPU.Build.0 = Debug|Any CPU
		{8C685FF5-3466-4E20-8142-E5EDC0C0D421}.Release|Any CPU.ActiveCfg = Release|Any CPU
		{8C685FF5-3466-4E20-8142-E5EDC0C0D421}.Release|Any CPU.Build.0 = Release|Any CPU
		{D9697154-D720-43D4-B686-BA5EFE6624A9}.Debug|Any CPU.ActiveCfg = Debug|Any CPU
		{D9697154-D720-43D4-B686-BA5EFE6624A9}.Debug|Any CPU.Build.0 = Debug|Any CPU
		{D9697154-D720-43D4-B686-BA5EFE6624A9}.Release|Any CPU.ActiveCfg = Release|Any CPU
		{D9697154-D720-43D4-B686-BA5EFE6624A9}.Release|Any CPU.Build.0 = Release|Any CPU
		{014990EE-DC12-44F3-ACA8-997E81ABEFBB}.Debug|Any CPU.ActiveCfg = Debug|Any CPU
		{014990EE-DC12-44F3-ACA8-997E81ABEFBB}.Debug|Any CPU.Build.0 = Debug|Any CPU
		{014990EE-DC12-44F3-ACA8-997E81ABEFBB}.Release|Any CPU.ActiveCfg = Release|Any CPU
		{014990EE-DC12-44F3-ACA8-997E81ABEFBB}.Release|Any CPU.Build.0 = Release|Any CPU
	EndGlobalSection
	GlobalSection(SolutionProperties) = preSolution
		HideSolutionNode = FALSE
	EndGlobalSection
EndGlobal
